
Microsoft Visual Studio Solution File, Format Version 12.00
Project("{FAE04EC0-301F-11D3-BF4B-00C04F79EFBC}") = "Chatter", "Chatter\Chatter.csproj", "{67D0D56E-951F-409C-A4EC-5E2F0353C79C}"
EndProject
Project("{FAE04EC0-301F-11D3-BF4B-00C04F79EFBC}") = "ObserverLib", "ObserverLib\ObserverLib.csproj", "{852D4B1D-415B-4853-88A2-57EB8CE8EE95}"
EndProject
Global
	GlobalSection(SolutionConfigurationPlatforms) = preSolution
		Debug|Any CPU = Debug|Any CPU
		Release|Any CPU = Release|Any CPU
	EndGlobalSection
	GlobalSection(ProjectConfigurationPlatforms) = postSolution
		{67D0D56E-951F-409C-A4EC-5E2F0353C79C}.Debug|Any CPU.ActiveCfg = Debug|Any CPU
		{67D0D56E-951F-409C-A4EC-5E2F0353C79C}.Debug|Any CPU.Build.0 = Debug|Any CPU
		{67D0D56E-951F-409C-A4EC-5E2F0353C79C}.Release|Any CPU.ActiveCfg = Release|Any CPU
		{67D0D56E-951F-409C-A4EC-5E2F0353C79C}.Release|Any CPU.Build.0 = Release|Any CPU
		{852D4B1D-415B-4853-88A2-57EB8CE8EE95}.Debug|Any CPU.ActiveCfg = Debug|Any CPU
		{852D4B1D-415B-4853-88A2-57EB8CE8EE95}.Debug|Any CPU.Build.0 = Debug|Any CPU
		{852D4B1D-415B-4853-88A2-57EB8CE8EE95}.Release|Any CPU.ActiveCfg = Release|Any CPU
		{852D4B1D-415B-4853-88A2-57EB8CE8EE95}.Release|Any CPU.Build.0 = Release|Any CPU
	EndGlobalSection
EndGlobal
